// !$*UTF8*$!
{
	archiveVersion = 1;
	classes = {
	};
	objectVersion = 46;
	objects = {

/* Begin PBXBuildFile section */
		5672E8A01E1A4403004F8F9A /* EMDataStream.framework in Frameworks */ = {isa = PBXBuildFile; fileRef = 5672E89F1E1A4403004F8F9A /* EMDataStream.framework */; };
		5672E8AA1E1A4CBD004F8F9A /* Student.swift in Sources */ = {isa = PBXBuildFile; fileRef = 5672E8A91E1A4CBD004F8F9A /* Student.swift */; };
		56CB33A51E1A3F3E009299B8 /* AppDelegate.swift in Sources */ = {isa = PBXBuildFile; fileRef = 56CB33A41E1A3F3E009299B8 /* AppDelegate.swift */; };
		56CB33A71E1A3F3E009299B8 /* ViewController.swift in Sources */ = {isa = PBXBuildFile; fileRef = 56CB33A61E1A3F3E009299B8 /* ViewController.swift */; };
		56CB33AA1E1A3F3E009299B8 /* Main.storyboard in Resources */ = {isa = PBXBuildFile; fileRef = 56CB33A81E1A3F3E009299B8 /* Main.storyboard */; };
		56CB33AC1E1A3F3E009299B8 /* Assets.xcassets in Resources */ = {isa = PBXBuildFile; fileRef = 56CB33AB1E1A3F3E009299B8 /* Assets.xcassets */; };
		56CB33AF1E1A3F3E009299B8 /* LaunchScreen.storyboard in Resources */ = {isa = PBXBuildFile; fileRef = 56CB33AD1E1A3F3E009299B8 /* LaunchScreen.storyboard */; };
/* End PBXBuildFile section */

/* Begin PBXFileReference section */
		5672E89F1E1A4403004F8F9A /* EMDataStream.framework */ = {isa = PBXFileReference; lastKnownFileType = wrapper.framework; name = EMDataStream.framework; path = "../../../../../Library/Developer/Xcode/DerivedData/EMStreamDemo-bgzmkuptwzyrwgbfsrzjndfcflhl/Build/Products/Debug-iphonesimulator/EMDataStream.framework"; sourceTree = "<group>"; };
		5672E8A91E1A4CBD004F8F9A /* Student.swift */ = {isa = PBXFileReference; fileEncoding = 4; lastKnownFileType = sourcecode.swift; name = Student.swift; path = EMDataStreamDemo/Student.swift; sourceTree = "<group>"; };
		56CB33A11E1A3F3E009299B8 /* EMDataStreamDemo.app */ = {isa = PBXFileReference; explicitFileType = wrapper.application; includeInIndex = 0; path = EMDataStreamDemo.app; sourceTree = BUILT_PRODUCTS_DIR; };
		56CB33A41E1A3F3E009299B8 /* AppDelegate.swift */ = {isa = PBXFileReference; lastKnownFileType = sourcecode.swift; path = AppDelegate.swift; sourceTree = "<group>"; };
		56CB33A61E1A3F3E009299B8 /* ViewController.swift */ = {isa = PBXFileReference; lastKnownFileType = sourcecode.swift; name = ViewController.swift; path = EMDataStreamDemo/ViewController.swift; sourceTree = "<group>"; };
		56CB33A91E1A3F3E009299B8 /* Base */ = {isa = PBXFileReference; lastKnownFileType = file.storyboard; name = Base; path = Base.lproj/Main.storyboard; sourceTree = "<group>"; };
		56CB33AB1E1A3F3E009299B8 /* Assets.xcassets */ = {isa = PBXFileReference; lastKnownFileType = folder.assetcatalog; path = Assets.xcassets; sourceTree = "<group>"; };
		56CB33AE1E1A3F3E009299B8 /* Base */ = {isa = PBXFileReference; lastKnownFileType = file.storyboard; name = Base; path = Base.lproj/LaunchScreen.storyboard; sourceTree = "<group>"; };
		56CB33B01E1A3F3E009299B8 /* Info.plist */ = {isa = PBXFileReference; lastKnownFileType = text.plist.xml; path = Info.plist; sourceTree = "<group>"; };
/* End PBXFileReference section */

/* Begin PBXFrameworksBuildPhase section */
		56CB339E1E1A3F3E009299B8 /* Frameworks */ = {
			isa = PBXFrameworksBuildPhase;
			buildActionMask = 2147483647;
			files = (
				5672E8A01E1A4403004F8F9A /* EMDataStream.framework in Frameworks */,
			);
			runOnlyForDeploymentPostprocessing = 0;
		};
/* End PBXFrameworksBuildPhase section */

/* Begin PBXGroup section */
		56CB33981E1A3F3E009299B8 = {
			isa = PBXGroup;
			children = (
				5672E8A91E1A4CBD004F8F9A /* Student.swift */,
				56CB33A61E1A3F3E009299B8 /* ViewController.swift */,
				56CB33A81E1A3F3E009299B8 /* Main.storyboard */,
				56CB33A31E1A3F3E009299B8 /* EMDataStreamDemo */,
				56CB33A21E1A3F3E009299B8 /* Products */,
				56CB33B61E1A3F56009299B8 /* Frameworks */,
			);
			sourceTree = "<group>";
		};
		56CB33A21E1A3F3E009299B8 /* Products */ = {
			isa = PBXGroup;
			children = (
				56CB33A11E1A3F3E009299B8 /* EMDataStreamDemo.app */,
			);
			name = Products;
			sourceTree = "<group>";
		};
		56CB33A31E1A3F3E009299B8 /* EMDataStreamDemo */ = {
			isa = PBXGroup;
			children = (
				56CB33A41E1A3F3E009299B8 /* AppDelegate.swift */,
				56CB33AB1E1A3F3E009299B8 /* Assets.xcassets */,
				56CB33AD1E1A3F3E009299B8 /* LaunchScreen.storyboard */,
				56CB33B01E1A3F3E009299B8 /* Info.plist */,
			);
			path = EMDataStreamDemo;
			sourceTree = "<group>";
		};
		56CB33B61E1A3F56009299B8 /* Frameworks */ = {
			isa = PBXGroup;
			children = (
				5672E89F1E1A4403004F8F9A /* EMDataStream.framework */,
			);
			name = Frameworks;
			sourceTree = "<group>";
		};
/* End PBXGroup section */

/* Begin PBXNativeTarget section */
		56CB33A01E1A3F3E009299B8 /* EMDataStreamDemo */ = {
			isa = PBXNativeTarget;
			buildConfigurationList = 56CB33B31E1A3F3E009299B8 /* Build configuration list for PBXNativeTarget "EMDataStreamDemo" */;
			buildPhases = (
				56CB339D1E1A3F3E009299B8 /* Sources */,
				56CB339E1E1A3F3E009299B8 /* Frameworks */,
				56CB339F1E1A3F3E009299B8 /* Resources */,
			);
			buildRules = (
			);
			dependencies = (
			);
			name = EMDataStreamDemo;
			productName = EMDataStreamDemo;
			productReference = 56CB33A11E1A3F3E009299B8 /* EMDataStreamDemo.app */;
			productType = "com.apple.product-type.application";
		};
/* End PBXNativeTarget section */

/* Begin PBXProject section */
		56CB33991E1A3F3E009299B8 /* Project object */ = {
			isa = PBXProject;
			attributes = {
				LastSwiftUpdateCheck = 0810;
				LastUpgradeCheck = 0810;
				ORGANIZATIONNAME = Enum;
				TargetAttributes = {
					56CB33A01E1A3F3E009299B8 = {
						CreatedOnToolsVersion = 8.1;
						DevelopmentTeam = JG6P34L9X8;
						ProvisioningStyle = Automatic;
					};
				};
			};
			buildConfigurationList = 56CB339C1E1A3F3E009299B8 /* Build configuration list for PBXProject "EMDataStreamDemo" */;
			compatibilityVersion = "Xcode 3.2";
			developmentRegion = English;
			hasScannedForEncodings = 0;
			knownRegions = (
				en,
				Base,
			);
			mainGroup = 56CB33981E1A3F3E009299B8;
			productRefGroup = 56CB33A21E1A3F3E009299B8 /* Products */;
			projectDirPath = "";
			projectRoot = "";
			targets = (
				56CB33A01E1A3F3E009299B8 /* EMDataStreamDemo */,
			);
		};
/* End PBXProject section */

/* Begin PBXResourcesBuildPhase section */
		56CB339F1E1A3F3E009299B8 /* Resources */ = {
			isa = PBXResourcesBuildPhase;
			buildActionMask = 2147483647;
			files = (
				56CB33AF1E1A3F3E009299B8 /* LaunchScreen.storyboard in Resources */,
				56CB33AC1E1A3F3E009299B8 /* Assets.xcassets in Resources */,
				56CB33AA1E1A3F3E009299B8 /* Main.storyboard in Resources */,
			);
			runOnlyForDeploymentPostprocessing = 0;
		};
/* End PBXResourcesBuildPhase section */

/* Begin PBXSourcesBuildPhase section */
		56CB339D1E1A3F3E009299B8 /* Sources */ = {
			isa = PBXSourcesBuildPhase;
			buildActionMask = 2147483647;
			files = (
				56CB33A71E1A3F3E009299B8 /* ViewController.swift in Sources */,
				5672E8AA1E1A4CBD004F8F9A /* Student.swift in Sources */,
				56CB33A51E1A3F3E009299B8 /* AppDelegate.swift in Sources */,
			);
			runOnlyForDeploymentPostprocessing = 0;
		};
/* End PBXSourcesBuildPhase section */

/* Begin PBXVariantGroup section */
		56CB33A81E1A3F3E009299B8 /* Main.storyboard */ = {
			isa = PBXVariantGroup;
			children = (
				56CB33A91E1A3F3E009299B8 /* Base */,
			);
			name = Main.storyboard;
			path = EMDataStreamDemo;
			sourceTree = "<group>";
		};
		56CB33AD1E1A3F3E009299B8 /* LaunchScreen.storyboard */ = {
			isa = PBXVariantGroup;
			children = (
				56CB33AE1E1A3F3E009299B8 /* Base */,
			);
			name = LaunchScreen.storyboard;
			sourceTree = "<group>";
		};
/* End PBXVariantGroup section */

/* Begin XCBuildConfiguration section */
		56CB33B11E1A3F3E009299B8 /* Debug */ = {
			isa = XCBuildConfiguration;
			buildSettings = {
				ALWAYS_SEARCH_USER_PATHS = NO;
				CLANG_ANALYZER_NONNULL = YES;
				CLANG_CXX_LANGUAGE_STANDARD = "gnu++0x";
				CLANG_CXX_LIBRARY = "libc++";
				CLANG_ENABLE_MODULES = YES;
				CLANG_ENABLE_OBJC_ARC = YES;
				CLANG_WARN_BOOL_CONVERSION = YES;
				CLANG_WARN_CONSTANT_CONVERSION = YES;
				CLANG_WARN_DIRECT_OBJC_ISA_USAGE = YES_ERROR;
				CLANG_WARN_DOCUMENTATION_COMMENTS = YES;
				CLANG_WARN_EMPTY_BODY = YES;
				CLANG_WARN_ENUM_CONVERSION = YES;
				CLANG_WARN_INFINITE_RECURSION = YES;
				CLANG_WARN_INT_CONVERSION = YES;
				CLANG_WARN_OBJC_ROOT_CLASS = YES_ERROR;
				CLANG_WARN_SUSPICIOUS_MOVES = YES;
				CLANG_WARN_UNREACHABLE_CODE = YES;
				CLANG_WARN__DUPLICATE_METHOD_MATCH = YES;
				"CODE_SIGN_IDENTITY[sdk=iphoneos*]" = "iPhone Developer";
				COPY_PHASE_STRIP = NO;
				DEBUG_INFORMATION_FORMAT = dwarf;
				ENABLE_STRICT_OBJC_MSGSEND = YES;
				ENABLE_TESTABILITY = YES;
				GCC_C_LANGUAGE_STANDARD = gnu99;
				GCC_DYNAMIC_NO_PIC = NO;
				GCC_NO_COMMON_BLOCKS = YES;
				GCC_OPTIMIZATION_LEVEL = 0;
				GCC_PREPROCESSOR_DEFINITIONS = (
					"DEBUG=1",
					"$(inherited)",
				);
				GCC_WARN_64_TO_32_BIT_CONVERSION = YES;
				GCC_WARN_ABOUT_RETURN_TYPE = YES_ERROR;
				GCC_WARN_UNDECLARED_SELECTOR = YES;
				GCC_WARN_UNINITIALIZED_AUTOS = YES_AGGRESSIVE;
				GCC_WARN_UNUSED_FUNCTION = YES;
				GCC_WARN_UNUSED_VARIABLE = YES;
				IPHONEOS_DEPLOYMENT_TARGET = 10.1;
				MTL_ENABLE_DEBUG_INFO = YES;
				ONLY_ACTIVE_ARCH = YES;
				SDKROOT = iphoneos;
				SWIFT_ACTIVE_COMPILATION_CONDITIONS = DEBUG;
				SWIFT_OPTIMIZATION_LEVEL = "-Onone";
				TARGETED_DEVICE_FAMILY = "1,2";
			};
			name = Debug;
		};
		56CB33B21E1A3F3E009299B8 /* Release */ = {
			isa = XCBuildConfiguration;
			buildSettings = {
				ALWAYS_SEARCH_USER_PATHS = NO;
				CLANG_ANALYZER_NONNULL = YES;
				CLANG_CXX_LANGUAGE_STANDARD = "gnu++0x";
				CLANG_CXX_LIBRARY = "libc++";
				CLANG_ENABLE_MODULES = YES;
				CLANG_ENABLE_OBJC_ARC = YES;
				CLANG_WARN_BOOL_CONVERSION = YES;
				CLANG_WARN_CONSTANT_CONVERSION = YES;
				CLANG_WARN_DIRECT_OBJC_ISA_USAGE = YES_ERROR;
				CLANG_WARN_DOCUMENTATION_COMMENTS = YES;
				CLANG_WARN_EMPTY_BODY = YES;
				CLANG_WARN_ENUM_CONVERSION = YES;
				CLANG_WARN_INFINITE_RECURSION = YES;
				CLANG_WARN_INT_CONVERSION = YES;
				CLANG_WARN_OBJC_ROOT_CLASS = YES_ERROR;
				CLANG_WARN_SUSPICIOUS_MOVES = YES;
				CLANG_WARN_UNREACHABLE_CODE = YES;
				CLANG_WARN__DUPLICATE_METHOD_MATCH = YES;
				"CODE_SIGN_IDENTITY[sdk=iphoneos*]" = "iPhone Developer";
				COPY_PHASE_STRIP = NO;
				DEBUG_INFORMATION_FORMAT = "dwarf-with-dsym";
				ENABLE_NS_ASSERTIONS = NO;
				ENABLE_STRICT_OBJC_MSGSEND = YES;
				GCC_C_LANGUAGE_STANDARD = gnu99;
				GCC_NO_COMMON_BLOCKS = YES;
				GCC_WARN_64_TO_32_BIT_CONVERSION = YES;
				GCC_WARN_ABOUT_RETURN_TYPE = YES_ERROR;
				GCC_WARN_UNDECLARED_SELECTOR = YES;
				GCC_WARN_UNINITIALIZED_AUTOS = YES_AGGRESSIVE;
				GCC_WARN_UNUSED_FUNCTION = YES;
				GCC_WARN_UNUSED_VARIABLE = YES;
				IPHONEOS_DEPLOYMENT_TARGET = 10.1;
				MTL_ENABLE_DEBUG_INFO = NO;
				SDKROOT = iphoneos;
				SWIFT_OPTIMIZATION_LEVEL = "-Owholemodule";
				TARGETED_DEVICE_FAMILY = "1,2";
				VALIDATE_PRODUCT = YES;
			};
			name = Release;
		};
		56CB33B41E1A3F3E009299B8 /* Debug */ = {
			isa = XCBuildConfiguration;
			buildSettings = {
				ASSETCATALOG_COMPILER_APPICON_NAME = AppIcon;
				DEVELOPMENT_TEAM = JG6P34L9X8;
				INFOPLIST_FILE = EMDataStreamDemo/Info.plist;
				LD_RUNPATH_SEARCH_PATHS = "$(inherited) @executable_path/Frameworks";
				PRODUCT_BUNDLE_IDENTIFIER = Enum.EMDataStreamDemo;
				PRODUCT_NAME = "$(TARGET_NAME)";
				SWIFT_VERSION = 3.0;
			};
			name = Debug;
		};
		56CB33B51E1A3F3E009299B8 /* Release */ = {
			isa = XCBuildConfiguration;
			buildSettings = {
				ASSETCATALOG_COMPILER_APPICON_NAME = AppIcon;
				DEVELOPMENT_TEAM = JG6P34L9X8;
				INFOPLIST_FILE = EMDataStreamDemo/Info.plist;
				LD_RUNPATH_SEARCH_PATHS = "$(inherited) @executable_path/Frameworks";
				PRODUCT_BUNDLE_IDENTIFIER = Enum.EMDataStreamDemo;
				PRODUCT_NAME = "$(TARGET_NAME)";
				SWIFT_VERSION = 3.0;
			};
			name = Release;
		};
/* End XCBuildConfiguration section */

/* Begin XCConfigurationList section */
		56CB339C1E1A3F3E009299B8 /* Build configuration list for PBXProject "EMDataStreamDemo" */ = {
			isa = XCConfigurationList;
			buildConfigurations = (
				56CB33B11E1A3F3E009299B8 /* Debug */,
				56CB33B21E1A3F3E009299B8 /* Release */,
			);
			defaultConfigurationIsVisible = 0;
			defaultConfigurationName = Release;
		};
		56CB33B31E1A3F3E009299B8 /* Build configuration list for PBXNativeTarget "EMDataStreamDemo" */ = {
			isa = XCConfigurationList;
			buildConfigurations = (
				56CB33B41E1A3F3E009299B8 /* Debug */,
				56CB33B51E1A3F3E009299B8 /* Release */,
			);
			defaultConfigurationIsVisible = 0;
			defaultConfigurationName = Release;
		};
/* End XCConfigurationList section */
	};
	rootObject = 56CB33991E1A3F3E009299B8 /* Project object */;
}
